{"is_source_file": true, "file_id": 21, "git_revision": "1404884e201cdf2d8b13ac7c4f75184b57c32956", "state": 1, "description": "", "external_files": [], "external_methods": [], "published": [], "classes": [], "methods": [], "calls": [], "search-terms": [], "filename": "/home/kavia/workspace/code-generation/hydratrack-94524-94532/main_container_for_hydratrack/post_process_status.lock", "hash": "e9b4c3b42cef0193b7fddb548d37e652", "format-version": 4, "code-base-name": "default", "knowledge_revision": 43}